{
  "name": "loopback-node-client",
  "version": "1.0.0",
  "lockfileVersion": 1,
  "requires": true,
  "dependencies": {
    "balanced-match": {
      "version": "https://registry.npmjs.org/balanced-match/-/balanced-match-1.0.0.tgz",
      "integrity": "sha1-ibTRmasr7kneFk6gK4nORi1xt2c="
    },
    "brace-expansion": {
      "version": "https://registry.npmjs.org/brace-expansion/-/brace-expansion-1.1.8.tgz",
      "integrity": "sha1-wHshHHyVLsH479Uad+8NHTmQopI=",
      "requires": {
        "balanced-match": "https://registry.npmjs.org/balanced-match/-/balanced-match-1.0.0.tgz",
        "concat-map": "https://registry.npmjs.org/concat-map/-/concat-map-0.0.1.tgz"
      }
    },
    "bson": {
      "version": "https://registry.npmjs.org/bson/-/bson-1.0.4.tgz",
      "integrity": "sha1-k8ENOeqltYQVy8QFLz5T5WKwtyw="
    },
    "buffer-shims": {
      "version": "https://registry.npmjs.org/buffer-shims/-/buffer-shims-1.0.0.tgz",
      "integrity": "sha1-mXjOMXOIxkmth5MCjDR37wRKi1E="
    },
    "callsite": {
      "version": "https://registry.npmjs.org/callsite/-/callsite-1.0.0.tgz",
      "integrity": "sha1-KAOY5dZkvXQDi28JBRU+borxvCA="
    },
    "coffee-script": {
      "version": "https://registry.npmjs.org/coffee-script/-/coffee-script-1.12.7.tgz",
      "integrity": "sha1-wF2uDLeVkdBbMHCoQzqYyaiczFM="
    },
    "concat-map": {
      "version": "https://registry.npmjs.org/concat-map/-/concat-map-0.0.1.tgz",
      "integrity": "sha1-2Klr13/Wjfd5OnMDajug1UBdR3s="
    },
    "connect": {
      "version": "https://registry.npmjs.org/connect/-/connect-3.6.3.tgz",
      "integrity": "sha1-9zINRqJbS+e0g6IjZRfySx4n4wE=",
      "requires": {
        "debug": "https://registry.npmjs.org/debug/-/debug-2.6.8.tgz",
        "finalhandler": "https://registry.npmjs.org/finalhandler/-/finalhandler-1.0.4.tgz",
        "parseurl": "https://registry.npmjs.org/parseurl/-/parseurl-1.3.1.tgz",
        "utils-merge": "https://registry.npmjs.org/utils-merge/-/utils-merge-1.0.0.tgz"
      }
    },
    "core-util-is": {
      "version": "https://registry.npmjs.org/core-util-is/-/core-util-is-1.0.2.tgz",
      "integrity": "sha1-tf1UIgqivFq1eqtxQMlAdUUDwac="
    },
    "cors": {
      "version": "https://registry.npmjs.org/cors/-/cors-2.8.4.tgz",
      "integrity": "sha1-K9OB8usgECAQXNUOpZ2mMJBpRoY=",
      "requires": {
        "object-assign": "https://registry.npmjs.org/object-assign/-/object-assign-4.1.1.tgz",
        "vary": "https://registry.npmjs.org/vary/-/vary-1.1.1.tgz"
      }
    },
    "cson": {
      "version": "https://registry.npmjs.org/cson/-/cson-4.1.0.tgz",
      "integrity": "sha1-sQdTRPqdn+XPiNgPIdk2Ypa4Zcc=",
      "requires": {
        "coffee-script": "https://registry.npmjs.org/coffee-script/-/coffee-script-1.12.7.tgz",
        "cson-parser": "https://registry.npmjs.org/cson-parser/-/cson-parser-1.3.5.tgz",
        "extract-opts": "https://registry.npmjs.org/extract-opts/-/extract-opts-3.3.1.tgz",
        "requirefresh": "https://registry.npmjs.org/requirefresh/-/requirefresh-2.1.0.tgz",
        "safefs": "https://registry.npmjs.org/safefs/-/safefs-4.1.0.tgz"
      }
    },
    "cson-parser": {
      "version": "https://registry.npmjs.org/cson-parser/-/cson-parser-1.3.5.tgz",
      "integrity": "sha1-fsZ14DkUVTO/KmqFYHPxWZ2cLSQ=",
      "requires": {
        "coffee-script": "https://registry.npmjs.org/coffee-script/-/coffee-script-1.12.7.tgz"
      }
    },
    "debug": {
      "version": "https://registry.npmjs.org/debug/-/debug-2.6.8.tgz",
      "integrity": "sha1-5zFTHKLt4n0YgiJCfaF4IdaP9Pw=",
      "requires": {
        "ms": "https://registry.npmjs.org/ms/-/ms-2.0.0.tgz"
      }
    },
    "eachr": {
      "version": "https://registry.npmjs.org/eachr/-/eachr-3.2.0.tgz",
      "integrity": "sha1-LDXkPqCGUW95l8+At6pk1VpKRIQ=",
      "requires": {
        "editions": "https://registry.npmjs.org/editions/-/editions-1.3.3.tgz",
        "typechecker": "https://registry.npmjs.org/typechecker/-/typechecker-4.4.1.tgz"
      }
    },
    "editions": {
      "version": "https://registry.npmjs.org/editions/-/editions-1.3.3.tgz",
      "integrity": "sha1-CQcQG92iD6w8vjNMJ8vQaI3Jmls="
    },
    "ee-first": {
      "version": "https://registry.npmjs.org/ee-first/-/ee-first-1.1.1.tgz",
      "integrity": "sha1-WQxhFWsK4vTwJVcyoViyZrxWsh0="
    },
    "encodeurl": {
      "version": "https://registry.npmjs.org/encodeurl/-/encodeurl-1.0.1.tgz",
      "integrity": "sha1-eePVhlU0aQn+bw9Fpd5oEDspTSA="
    },
    "es6-promise": {
      "version": "https://registry.npmjs.org/es6-promise/-/es6-promise-3.2.1.tgz",
      "integrity": "sha1-7FYjOGgDKQkgcXDDlEjiREndH8Q="
    },
    "escape-html": {
      "version": "https://registry.npmjs.org/escape-html/-/escape-html-1.0.3.tgz",
      "integrity": "sha1-Aljq5NPQwJdN4cFpGI7wBR0dGYg="
    },
    "extract-opts": {
      "version": "https://registry.npmjs.org/extract-opts/-/extract-opts-3.3.1.tgz",
      "integrity": "sha1-WrvtyYwNUgLjJ4cn+Rktfghsa+E=",
      "requires": {
        "eachr": "https://registry.npmjs.org/eachr/-/eachr-3.2.0.tgz",
        "editions": "https://registry.npmjs.org/editions/-/editions-1.3.3.tgz",
        "typechecker": "https://registry.npmjs.org/typechecker/-/typechecker-4.4.1.tgz"
      }
    },
    "finalhandler": {
      "version": "https://registry.npmjs.org/finalhandler/-/finalhandler-1.0.4.tgz",
      "integrity": "sha1-GFdPLnxLmLiuOyMMIfIB8xvbP7c=",
      "requires": {
        "debug": "https://registry.npmjs.org/debug/-/debug-2.6.8.tgz",
        "encodeurl": "https://registry.npmjs.org/encodeurl/-/encodeurl-1.0.1.tgz",
        "escape-html": "https://registry.npmjs.org/escape-html/-/escape-html-1.0.3.tgz",
        "on-finished": "https://registry.npmjs.org/on-finished/-/on-finished-2.3.0.tgz",
        "parseurl": "https://registry.npmjs.org/parseurl/-/parseurl-1.3.1.tgz",
        "statuses": "https://registry.npmjs.org/statuses/-/statuses-1.3.1.tgz",
        "unpipe": "https://registry.npmjs.org/unpipe/-/unpipe-1.0.0.tgz"
      }
    },
    "glob": {
      "version": "https://registry.npmjs.org/glob/-/glob-6.0.4.tgz",
      "integrity": "sha1-DwiGD2oVUSey+t1PnOJLGqtuTSI=",
      "requires": {
        "inflight": "https://registry.npmjs.org/inflight/-/inflight-1.0.6.tgz",
        "inherits": "https://registry.npmjs.org/inherits/-/inherits-2.0.3.tgz",
        "minimatch": "https://registry.npmjs.org/minimatch/-/minimatch-3.0.4.tgz",
        "once": "https://registry.npmjs.org/once/-/once-1.4.0.tgz",
        "path-is-absolute": "https://registry.npmjs.org/path-is-absolute/-/path-is-absolute-1.0.1.tgz"
      }
    },
    "graceful-fs": {
      "version": "https://registry.npmjs.org/graceful-fs/-/graceful-fs-4.1.11.tgz",
      "integrity": "sha1-Dovf5NHduIVNZOBOp8AOKgJuVlg="
    },
    "http-error": {
      "version": "https://registry.npmjs.org/http-error/-/http-error-0.0.6.tgz",
      "integrity": "sha1-v/MJsL2v4w2V+7c6wt0r3Tm7wHQ="
    },
    "inflation": {
      "version": "https://registry.npmjs.org/inflation/-/inflation-2.0.0.tgz",
      "integrity": "sha1-i0F+R8KPklpFEz2RTKH9OJEH8w8="
    },
    "inflight": {
      "version": "https://registry.npmjs.org/inflight/-/inflight-1.0.6.tgz",
      "integrity": "sha1-Sb1jMdfQLQwJvJEKEHW6gWW1bfk=",
      "requires": {
        "once": "https://registry.npmjs.org/once/-/once-1.4.0.tgz",
        "wrappy": "https://registry.npmjs.org/wrappy/-/wrappy-1.0.2.tgz"
      }
    },
    "inherits": {
      "version": "https://registry.npmjs.org/inherits/-/inherits-2.0.3.tgz",
      "integrity": "sha1-Yzwsg+PaQqUC9SRmAiSA9CCCYd4="
    },
    "isarray": {
      "version": "https://registry.npmjs.org/isarray/-/isarray-1.0.0.tgz",
      "integrity": "sha1-u5NdSFgsuhaMBoNJV6VKPgcSTxE="
    },
    "minimatch": {
      "version": "https://registry.npmjs.org/minimatch/-/minimatch-3.0.4.tgz",
      "integrity": "sha1-UWbihkV/AzBgZL5Ul+jbsMPTIIM=",
      "requires": {
        "brace-expansion": "https://registry.npmjs.org/brace-expansion/-/brace-expansion-1.1.8.tgz"
      }
    },
    "moment": {
      "version": "https://registry.npmjs.org/moment/-/moment-2.18.1.tgz",
      "integrity": "sha1-w2GT3Tzhwu7SrbfIAtu8d6gbHA8="
    },
    "mongodb": {
      "version": "https://registry.npmjs.org/mongodb/-/mongodb-2.2.31.tgz",
      "integrity": "sha1-GUBEXGYeGSF7s7+CRdmFSq71SNs=",
      "requires": {
        "es6-promise": "https://registry.npmjs.org/es6-promise/-/es6-promise-3.2.1.tgz",
        "mongodb-core": "https://registry.npmjs.org/mongodb-core/-/mongodb-core-2.1.15.tgz",
        "readable-stream": "https://registry.npmjs.org/readable-stream/-/readable-stream-2.2.7.tgz"
      }
    },
    "mongodb-core": {
      "version": "https://registry.npmjs.org/mongodb-core/-/mongodb-core-2.1.15.tgz",
      "integrity": "sha1-hB9TuH//9MdFgYnDXIroJ+EWl2Q=",
      "requires": {
        "bson": "https://registry.npmjs.org/bson/-/bson-1.0.4.tgz",
        "require_optional": "https://registry.npmjs.org/require_optional/-/require_optional-1.0.1.tgz"
      }
    },
    "ms": {
      "version": "https://registry.npmjs.org/ms/-/ms-2.0.0.tgz",
      "integrity": "sha1-VgiurfwAvmwpAd9fmGF4jeDVl8g="
    },
    "nodemailer": {
      "version": "https://registry.npmjs.org/nodemailer/-/nodemailer-4.0.1.tgz",
      "integrity": "sha1-uVhksH+s7oKH6CMu/9bx1W7HWrI="
    },
    "object-assign": {
      "version": "https://registry.npmjs.org/object-assign/-/object-assign-4.1.1.tgz",
      "integrity": "sha1-IQmtx5ZYh8/AXLvUQsrIv7s2CGM="
    },
    "on-finished": {
      "version": "https://registry.npmjs.org/on-finished/-/on-finished-2.3.0.tgz",
      "integrity": "sha1-IPEzZIGwg811M3mSoWlxqi2QaUc=",
      "requires": {
        "ee-first": "https://registry.npmjs.org/ee-first/-/ee-first-1.1.1.tgz"
      }
    },
    "once": {
      "version": "https://registry.npmjs.org/once/-/once-1.4.0.tgz",
      "integrity": "sha1-WDsap3WWHUsROsF9nFC6753Xa9E=",
      "requires": {
        "wrappy": "https://registry.npmjs.org/wrappy/-/wrappy-1.0.2.tgz"
      }
    },
    "parseurl": {
      "version": "https://registry.npmjs.org/parseurl/-/parseurl-1.3.1.tgz",
      "integrity": "sha1-yKuMkiO6NIiKpkopeyiFO+wY2lY="
    },
    "path-is-absolute": {
      "version": "https://registry.npmjs.org/path-is-absolute/-/path-is-absolute-1.0.1.tgz",
      "integrity": "sha1-F0uSaHNVNP+8es5r9TpanhtcX18="
    },
    "process-nextick-args": {
      "version": "https://registry.npmjs.org/process-nextick-args/-/process-nextick-args-1.0.7.tgz",
      "integrity": "sha1-FQ4gt1ZZCtP5EJPyWk8q2L/zC6M="
    },
    "qs": {
      "version": "6.5.1",
      "resolved": "https://registry.npmjs.org/qs/-/qs-6.5.1.tgz",
      "integrity": "sha512-eRzhrN1WSINYCDCbrz796z37LOe3m5tmW7RQf6oBntukAG1nmovJvhnwHHRMAfeoItc1m2Hk02WER2aQ/iqs+A=="
    },
    "raw-body": {
      "version": "https://registry.npmjs.org/raw-body/-/raw-body-2.3.0.tgz",
      "integrity": "sha1-95zhrKyrpbY2LTNFTXhdcSn0vGc=",
      "requires": {
        "bytes": "https://registry.npmjs.org/bytes/-/bytes-2.5.0.tgz",
        "http-errors": "https://registry.npmjs.org/http-errors/-/http-errors-1.6.1.tgz",
        "iconv-lite": "https://registry.npmjs.org/iconv-lite/-/iconv-lite-0.4.18.tgz",
        "unpipe": "https://registry.npmjs.org/unpipe/-/unpipe-1.0.0.tgz"
      },
      "dependencies": {
        "bytes": {
          "version": "https://registry.npmjs.org/bytes/-/bytes-2.5.0.tgz",
          "integrity": "sha1-TJQj6i0lLCcMQbK97+/5u2tiwGo="
        },
        "depd": {
          "version": "https://registry.npmjs.org/depd/-/depd-1.1.0.tgz",
          "integrity": "sha1-4b2Cxqq2ztlluXuIsX7T5SjKGMM="
        },
        "http-errors": {
          "version": "https://registry.npmjs.org/http-errors/-/http-errors-1.6.1.tgz",
          "integrity": "sha1-X4uO2YrKVFZWv1cplzh/kEpyIlc=",
          "requires": {
            "depd": "https://registry.npmjs.org/depd/-/depd-1.1.0.tgz",
            "inherits": "https://registry.npmjs.org/inherits/-/inherits-2.0.3.tgz",
            "setprototypeof": "https://registry.npmjs.org/setprototypeof/-/setprototypeof-1.0.3.tgz",
            "statuses": "https://registry.npmjs.org/statuses/-/statuses-1.3.1.tgz"
          }
        },
        "iconv-lite": {
          "version": "https://registry.npmjs.org/iconv-lite/-/iconv-lite-0.4.18.tgz",
          "integrity": "sha1-I9hlaxaq5nQqwpcy6o8DNqR4nPI="
        }
      }
    },
    "readable-stream": {
      "version": "https://registry.npmjs.org/readable-stream/-/readable-stream-2.2.7.tgz",
      "integrity": "sha1-BwV6y+JGeyIELTb5jFrVBwVOlbE=",
      "requires": {
        "buffer-shims": "https://registry.npmjs.org/buffer-shims/-/buffer-shims-1.0.0.tgz",
        "core-util-is": "https://registry.npmjs.org/core-util-is/-/core-util-is-1.0.2.tgz",
        "inherits": "https://registry.npmjs.org/inherits/-/inherits-2.0.3.tgz",
        "isarray": "https://registry.npmjs.org/isarray/-/isarray-1.0.0.tgz",
        "process-nextick-args": "https://registry.npmjs.org/process-nextick-args/-/process-nextick-args-1.0.7.tgz",
        "string_decoder": "https://registry.npmjs.org/string_decoder/-/string_decoder-1.0.3.tgz",
        "util-deprecate": "https://registry.npmjs.org/util-deprecate/-/util-deprecate-1.0.2.tgz"
      }
    },
    "require_optional": {
      "version": "https://registry.npmjs.org/require_optional/-/require_optional-1.0.1.tgz",
      "integrity": "sha1-TPNaQkf2TKPfjC7yCMxJSxyo/C4=",
      "requires": {
        "resolve-from": "https://registry.npmjs.org/resolve-from/-/resolve-from-2.0.0.tgz",
        "semver": "https://registry.npmjs.org/semver/-/semver-5.4.1.tgz"
      }
    },
    "requirefresh": {
      "version": "https://registry.npmjs.org/requirefresh/-/requirefresh-2.1.0.tgz",
      "integrity": "sha1-dC3Mwg86lpGNZsbxWX3I/+vE9vU=",
      "requires": {
        "editions": "https://registry.npmjs.org/editions/-/editions-1.3.3.tgz"
      }
    },
    "resolve-from": {
      "version": "https://registry.npmjs.org/resolve-from/-/resolve-from-2.0.0.tgz",
      "integrity": "sha1-lICrIOlP+h2egKgEx+oUdhGWa1c="
    },
    "safe-buffer": {
      "version": "https://registry.npmjs.org/safe-buffer/-/safe-buffer-5.1.1.tgz",
      "integrity": "sha1-iTMSr2myEj3vcfV4iQAWce6yyFM="
    },
    "safefs": {
      "version": "https://registry.npmjs.org/safefs/-/safefs-4.1.0.tgz",
      "integrity": "sha1-+CrrS9165R9lPrIPZyizBYyNZEU=",
      "requires": {
        "editions": "https://registry.npmjs.org/editions/-/editions-1.3.3.tgz",
        "graceful-fs": "https://registry.npmjs.org/graceful-fs/-/graceful-fs-4.1.11.tgz"
      }
    },
    "semver": {
      "version": "https://registry.npmjs.org/semver/-/semver-5.4.1.tgz",
      "integrity": "sha1-4FnAnYVx8FQII3M0M1BdOi8AsY4="
    },
    "setprototypeof": {
      "version": "https://registry.npmjs.org/setprototypeof/-/setprototypeof-1.0.3.tgz",
      "integrity": "sha1-ZlZ+NwQ+608E2RvWWMDL77VbjgQ="
    },
    "standard-error": {
      "version": "https://registry.npmjs.org/standard-error/-/standard-error-1.1.0.tgz",
      "integrity": "sha1-I+UWj6HAggGJ5YEnAaeQWFENDTQ="
    },
    "standard-http-error": {
      "version": "https://registry.npmjs.org/standard-http-error/-/standard-http-error-2.0.0.tgz",
      "integrity": "sha1-tZKVwT9n//pLeJc/LlItwUJrPfU=",
      "requires": {
        "standard-error": "https://registry.npmjs.org/standard-error/-/standard-error-1.1.0.tgz"
      }
    },
    "statuses": {
      "version": "https://registry.npmjs.org/statuses/-/statuses-1.3.1.tgz",
      "integrity": "sha1-+vUbnrdKrvOzrPStX2Gr8ky3uT4="
    },
    "string_decoder": {
      "version": "https://registry.npmjs.org/string_decoder/-/string_decoder-1.0.3.tgz",
      "integrity": "sha1-D8Z9fBQYJd6UKC3VNr7GubzoYKs=",
      "requires": {
        "safe-buffer": "https://registry.npmjs.org/safe-buffer/-/safe-buffer-5.1.1.tgz"
      }
    },
    "typechecker": {
      "version": "https://registry.npmjs.org/typechecker/-/typechecker-4.4.1.tgz",
      "integrity": "sha1-+XuV9RsDhBchLWd9RaNz7nvO1+Y=",
      "requires": {
        "editions": "https://registry.npmjs.org/editions/-/editions-1.3.3.tgz"
      }
    },
    "unpipe": {
      "version": "https://registry.npmjs.org/unpipe/-/unpipe-1.0.0.tgz",
      "integrity": "sha1-sr9O6FFKrmFltIF4KdIbLvSZBOw="
    },
    "util-deprecate": {
      "version": "https://registry.npmjs.org/util-deprecate/-/util-deprecate-1.0.2.tgz",
      "integrity": "sha1-RQ1Nyfpw3nMnYvvS1KKJgUGaDM8="
    },
    "utils-merge": {
      "version": "https://registry.npmjs.org/utils-merge/-/utils-merge-1.0.0.tgz",
      "integrity": "sha1-ApT7kiu5N1FTVBxPcJYjHyh8ivg="
    },
    "vary": {
      "version": "https://registry.npmjs.org/vary/-/vary-1.1.1.tgz",
      "integrity": "sha1-Z1Neu2lMHVIldFeYRmUyP1h+jTc="
    },
    "wrappy": {
      "version": "https://registry.npmjs.org/wrappy/-/wrappy-1.0.2.tgz",
      "integrity": "sha1-tSQ9jz7BqjXxNkYFvA0QNuMKtp8="
    }
  }
}
